# This file is automatically @generated by Poetry 1.8.5 and should not be changed by hand.

[[package]]
name = "objlog"
version = "3.0.0"
description = "Logging, Objectified."
optional = false
python-versions = "<4.0,>=3.10"
files = [
    {file = "objlog-3.0.0-py3-none-any.whl", hash = "sha256:28da9c662e6cb917d40e796d6927e88ca21fc7456d1fe909c47bbe25345b2783"},
    {file = "objlog-3.0.0.tar.gz", hash = "sha256:4d604545ae78954ab4c533b417b96fd5296e51e4121d64ca8828c9a9825c2c49"},
]

[metadata]
lock-version = "2.0"
python-versions = "^3.10"
content-hash = "f3e61528803d4b02928dcc8e1d041bd01c52d4271a03cd565050f2eb8b853307"
